# This file is automatically @generated by Cargo.
# It is not intended for manual editing.
version = 3

[[package]]
name = "aho-corasick"
version = "0.5.3"
source = "registry+https://github.com/rust-lang/crates.io-index"
checksum = "ca972c2ea5f742bfce5687b9aef75506a764f61d37f8f649047846a9686ddb66"
dependencies = [
 "memchr 0.1.11",
]

[[package]]
name = "aho-corasick"
version = "0.6.5"
source = "registry+https://github.com/rust-lang/crates.io-index"
checksum = "f0ba20154ea1f47ce2793322f049c5646cc6d0fa9759d5f333f286e507bf8080"
dependencies = [
 "memchr 2.0.1",
]

[[package]]
name = "ansi_term"
version = "0.11.0"
source = "registry+https://github.com/rust-lang/crates.io-index"
checksum = "ee49baf6cb617b853aa8d93bf420db2383fab46d314482ca2803b40d5fde979b"
dependencies = [
 "winapi 0.3.5",
]

[[package]]
name = "antidote"
version = "1.0.0"
source = "registry+https://github.com/rust-lang/crates.io-index"
checksum = "34fde25430d87a9388dadbe6e34d7f72a462c8b43ac8d309b42b0a8505d7e2a5"

[[package]]
name = "backtrace"
version = "0.3.9"
source = "registry+https://github.com/rust-lang/crates.io-index"
checksum = "89a47830402e9981c5c41223151efcced65a0510c13097c769cede7efb34782a"
dependencies = [
 "backtrace-sys",
 "cfg-if",
 "libc",
 "rustc-demangle",
 "winapi 0.3.5",
]

[[package]]
name = "backtrace-sys"
version = "0.1.23"
source = "registry+https://github.com/rust-lang/crates.io-index"
checksum = "bff67d0c06556c0b8e6b5f090f0eac52d950d9dfd1d35ba04e4ca3543eaf6a7e"
dependencies = [
 "cc",
 "libc",
]

[[package]]
name = "base64"
version = "0.6.0"
source = "registry+https://github.com/rust-lang/crates.io-index"
checksum = "96434f987501f0ed4eb336a411e0631ecd1afa11574fe148587adc4ff96143c9"
dependencies = [
 "byteorder",
 "safemem",
]

[[package]]
name = "bitflags"
version = "0.7.0"
source = "registry+https://github.com/rust-lang/crates.io-index"
checksum = "aad18937a628ec6abcd26d1489012cc0e18c21798210f491af69ded9b881106d"

[[package]]
name = "bitflags"
version = "0.9.1"
source = "registry+https://github.com/rust-lang/crates.io-index"
checksum = "4efd02e230a02e18f92fc2735f44597385ed02ad8f831e7c1c1156ee5e1ab3a5"

[[package]]
name = "bitflags"
version = "1.0.3"
source = "registry+https://github.com/rust-lang/crates.io-index"
checksum = "d0c54bb8f454c567f21197eefcdbf5679d0bd99f2ddbe52e84c77061952e6789"

[[package]]
name = "byteorder"
version = "1.2.3"
source = "registry+https://github.com/rust-lang/crates.io-index"
checksum = "74c0b906e9446b0a2e4f760cdb3fa4b2c48cdc6db8766a845c54b6ff063fd2e9"

[[package]]
name = "cargo_metadata"
version = "0.5.8"
source = "registry+https://github.com/rust-lang/crates.io-index"
checksum = "1efca0b863ca03ed4c109fb1c55e0bc4bbeb221d3e103d86251046b06a526bd0"
dependencies = [
 "error-chain",
 "semver",
 "serde",
 "serde_derive",
 "serde_json",
]

[[package]]
name = "cc"
version = "1.0.17"
source = "registry+https://github.com/rust-lang/crates.io-index"
checksum = "49ec142f5768efb5b7622aebc3fdbdbb8950a4b9ba996393cb76ef7466e8747d"

[[package]]
name = "cfg-if"
version = "0.1.4"
source = "registry+https://github.com/rust-lang/crates.io-index"
checksum = "efe5c877e17a9c717a0bf3613b2709f723202c4e4675cc8f12926ded29bcb17e"

[[package]]
name = "chrono"
version = "0.2.25"
source = "registry+https://github.com/rust-lang/crates.io-index"
checksum = "9213f7cd7c27e95c2b57c49f0e69b1ea65b27138da84a170133fd21b07659c00"
dependencies = [
 "num",
 "time",
]

[[package]]
name = "chrono"
version = "0.3.0"
source = "registry+https://github.com/rust-lang/crates.io-index"
checksum = "158b0bd7d75cbb6bf9c25967a48a2e9f77da95876b858eadfabaa99cd069de6e"
dependencies = [
 "num",
 "time",
]

[[package]]
name = "chrono"
version = "0.4.11"
source = "registry+https://github.com/rust-lang/crates.io-index"
checksum = "80094f509cf8b5ae86a4966a39b3ff66cd7e2a3e594accec3743ff3fabeab5b2"
dependencies = [
 "num-integer",
 "num-traits",
 "time",
]

[[package]]
name = "clippy"
version = "0.0.212"
source = "registry+https://github.com/rust-lang/crates.io-index"
checksum = "7e253af13a0cc39c7f22cf16f1be49d593dedc5895fe2fbb15f14d66ead00533"
dependencies = [
 "ansi_term",
 "backtrace",
 "clippy_lints",
 "num-traits",
 "regex 1.0.1",
 "rustc_version",
 "semver",
 "winapi 0.3.5",
]

[[package]]
name = "clippy_lints"
version = "0.0.212"
source = "registry+https://github.com/rust-lang/crates.io-index"
checksum = "bd2326065405649672adbd5cb30dad2fad3a470935653d51c70591d47d3a8512"
dependencies = [
 "cargo_metadata",
 "if_chain",
 "itertools",
 "lazy_static 1.0.1",
 "matches",
 "pulldown-cmark",
 "quine-mc_cluskey",
 "regex-syntax 0.6.1",
 "semver",
 "serde",
 "serde_derive",
 "toml",
 "unicode-normalization",
 "url",
]

[[package]]
name = "colored"
version = "1.6.0"
source = "registry+https://github.com/rust-lang/crates.io-index"
checksum = "b0aa3473e85a3161b59845d6096b289bb577874cafeaf75ea1b1beaa6572c7fc"
dependencies = [
 "lazy_static 0.2.11",
]

[[package]]
name = "core-foundation"
version = "0.2.3"
source = "registry+https://github.com/rust-lang/crates.io-index"
checksum = "25bfd746d203017f7d5cbd31ee5d8e17f94b6521c7af77ece6c9e4b2d4b16c67"
dependencies = [
 "core-foundation-sys",
 "libc",
]

[[package]]
name = "core-foundation-sys"
version = "0.2.3"
source = "registry+https://github.com/rust-lang/crates.io-index"
checksum = "065a5d7ffdcbc8fa145d6f0746f3555025b9097a9e9cda59f7467abae670c78d"
dependencies = [
 "libc",
]

[[package]]
name = "diesel"
version = "0.11.4"
source = "registry+https://github.com/rust-lang/crates.io-index"
checksum = "2f872f59c19519db52506648a00d18ec5e3aa81eb99710f6837715eae41f3c76"
dependencies = [
 "byteorder",
 "mysqlclient-sys",
 "url",
]

[[package]]
name = "diesel"
version = "1.4.6"
source = "registry+https://github.com/rust-lang/crates.io-index"
checksum = "047bfc4d5c3bd2ef6ca6f981941046113524b9a9f9a7cbdfdd7ff40f58e6f542"
dependencies = [
 "byteorder",
 "chrono 0.4.11",
 "diesel_derives",
]

[[package]]
name = "diesel_codegen"
version = "0.11.0"
source = "registry+https://github.com/rust-lang/crates.io-index"
checksum = "bf8115b73ca2640b8c6abdb0e34fd80f05cd8a7fee92067ba17d24448db8db5b"
dependencies = [
 "diesel 0.11.4",
 "diesel_infer_schema",
 "dotenv",
 "quote 0.3.15",
 "syn 0.11.11",
]

[[package]]
name = "diesel_derives"
version = "1.4.1"
source = "registry+https://github.com/rust-lang/crates.io-index"
checksum = "45f5098f628d02a7a0f68ddba586fb61e80edec3bdc1be3b921f4ceec60858d3"
dependencies = [
 "proc-macro2 1.0.39",
 "quote 1.0.18",
 "syn 1.0.96",
]

[[package]]
name = "diesel_infer_schema"
version = "0.11.0"
source = "registry+https://github.com/rust-lang/crates.io-index"
checksum = "5573f6506105cfbca35d69fccc9ab8d6dc41d54a58fe18c9f9011abe3284b4a4"
dependencies = [
 "diesel 0.11.4",
 "quote 0.3.15",
 "syn 0.11.11",
]

[[package]]
name = "difference"
version = "2.0.0"
source = "registry+https://github.com/rust-lang/crates.io-index"
checksum = "524cbf6897b527295dff137cec09ecf3a05f4fddffd7dfcd1585403449e74198"

[[package]]
name = "dotenv"
version = "0.8.0"
source = "registry+https://github.com/rust-lang/crates.io-index"
checksum = "eea1395d2df3b5344dc577809296d9578303296e8d105c408aa80ed67d598ef1"
dependencies = [
 "regex 0.1.80",
]

[[package]]
name = "dtoa"
version = "0.4.3"
source = "registry+https://github.com/rust-lang/crates.io-index"
checksum = "6d301140eb411af13d3115f9a562c85cc6b541ade9dfa314132244aaee7489dd"

[[package]]
name = "either"
version = "1.5.0"
source = "registry+https://github.com/rust-lang/crates.io-index"
checksum = "3be565ca5c557d7f59e7cfcf1844f9e3033650c929c6566f511e8005f205c1d0"

[[package]]
name = "error-chain"
version = "0.11.0"
source = "registry+https://github.com/rust-lang/crates.io-index"
checksum = "ff511d5dc435d703f4971bc399647c9bc38e20cb41452e3b9feb4765419ed3f3"
dependencies = [
 "backtrace",
]

[[package]]
name = "football-matome"
version = "0.1.0"
dependencies = [
 "chrono 0.3.0",
 "clippy",
 "diesel 1.4.6",
 "diesel_codegen",
 "dotenv",
 "hyper",
 "hyper-native-tls",
 "lazy_static 1.0.1",
 "mockito",
 "nickel",
 "rustc-serialize",
 "schedule",
 "serde",
 "serde_derive",
 "toml",
 "xml-rs",
]

[[package]]
name = "foreign-types"
version = "0.3.2"
source = "registry+https://github.com/rust-lang/crates.io-index"
checksum = "f6f339eb8adc052cd2ca78910fda869aefa38d22d5cb648e6485e4d3fc06f3b1"
dependencies = [
 "foreign-types-shared",
]

[[package]]
name = "foreign-types-shared"
version = "0.1.1"
source = "registry+https://github.com/rust-lang/crates.io-index"
checksum = "00b0228411908ca8685dba7fc2cdd70ec9990a6e753e89b6ac91a84c40fbaf4b"

[[package]]
name = "fuchsia-zircon"
version = "0.3.3"
source = "registry+https://github.com/rust-lang/crates.io-index"
checksum = "2e9763c69ebaae630ba35f74888db465e49e259ba1bc0eda7d06f4a067615d82"
dependencies = [
 "bitflags 1.0.3",
 "fuchsia-zircon-sys",
]

[[package]]
name = "fuchsia-zircon-sys"
version = "0.3.3"
source = "registry+https://github.com/rust-lang/crates.io-index"
checksum = "3dcaa9ae7725d12cdb85b3ad99a434db70b468c09ded17e012d86b5c1010f7a7"

[[package]]
name = "getopts"
version = "0.2.18"
source = "registry+https://github.com/rust-lang/crates.io-index"
checksum = "0a7292d30132fb5424b354f5dc02512a86e4c516fe544bb7a25e7f266951b797"
dependencies = [
 "unicode-width",
]

[[package]]
name = "groupable"
version = "0.2.0"
source = "registry+https://github.com/rust-lang/crates.io-index"
checksum = "32619942b8be646939eaf3db0602b39f5229b74575b67efc897811ded1db4e57"

[[package]]
name = "http-muncher"
version = "0.3.2"
source = "registry+https://github.com/rust-lang/crates.io-index"
checksum = "ad5ef098f884f8d927426a231d14a923be1798ff0d5ad238989f4912565fb283"
dependencies = [
 "cc",
 "libc",
]

[[package]]
name = "httparse"
version = "1.3.2"
source = "registry+https://github.com/rust-lang/crates.io-index"
checksum = "7b6288d7db100340ca12873fd4d08ad1b8f206a9457798dfb17c018a33fee540"

[[package]]
name = "hyper"
version = "0.10.13"
source = "registry+https://github.com/rust-lang/crates.io-index"
checksum = "368cb56b2740ebf4230520e2b90ebb0461e69034d85d1945febd9b3971426db2"
dependencies = [
 "base64",
 "httparse",
 "language-tags",
 "log 0.3.9",
 "mime",
 "num_cpus",
 "time",
 "traitobject",
 "typeable",
 "unicase",
 "url",
]

[[package]]
name = "hyper-native-tls"
version = "0.2.4"
source = "registry+https://github.com/rust-lang/crates.io-index"
checksum = "72332e4a35d3059583623b50e98e491b78f8b96c5521fcb3f428167955aa56e8"
dependencies = [
 "antidote",
 "hyper",
 "native-tls",
]

[[package]]
name = "idna"
version = "0.1.5"
source = "registry+https://github.com/rust-lang/crates.io-index"
checksum = "38f09e0f0b1fb55fdee1f17470ad800da77af5186a1a76c026b679358b7e844e"
dependencies = [
 "matches",
 "unicode-bidi",
 "unicode-normalization",
]

[[package]]
name = "if_chain"
version = "0.1.2"
source = "registry+https://github.com/rust-lang/crates.io-index"
checksum = "61bb90bdd39e3af69b0172dfc6130f6cd6332bf040fbb9bdd4401d37adbd48b8"

[[package]]
name = "itertools"
version = "0.7.8"
source = "registry+https://github.com/rust-lang/crates.io-index"
checksum = "f58856976b776fedd95533137617a02fb25719f40e7d9b01c7043cd65474f450"
dependencies = [
 "either",
]

[[package]]
name = "itoa"
version = "0.4.2"
source = "registry+https://github.com/rust-lang/crates.io-index"
checksum = "5adb58558dcd1d786b5f0bd15f3226ee23486e24b7b58304b60f64dc68e62606"

[[package]]
name = "kernel32-sys"
version = "0.2.2"
source = "registry+https://github.com/rust-lang/crates.io-index"
checksum = "7507624b29483431c0ba2d82aece8ca6cdba9382bff4ddd0f7490560c056098d"
dependencies = [
 "winapi 0.2.8",
 "winapi-build",
]

[[package]]
name = "language-tags"
version = "0.2.2"
source = "registry+https://github.com/rust-lang/crates.io-index"
checksum = "a91d884b6667cd606bb5a69aa0c99ba811a115fc68915e7056ec08a46e93199a"

[[package]]
name = "lazy_static"
version = "0.2.11"
source = "registry+https://github.com/rust-lang/crates.io-index"
checksum = "76f033c7ad61445c5b347c7382dd1237847eb1bce590fe50365dcb33d546be73"

[[package]]
name = "lazy_static"
version = "1.0.1"
source = "registry+https://github.com/rust-lang/crates.io-index"
checksum = "e6412c5e2ad9584b0b8e979393122026cdd6d2a80b933f890dcd694ddbe73739"

[[package]]
name = "libc"
version = "0.2.42"
source = "registry+https://github.com/rust-lang/crates.io-index"
checksum = "b685088df2b950fccadf07a7187c8ef846a959c142338a48f9dc0b94517eb5f1"

[[package]]
name = "log"
version = "0.3.9"
source = "registry+https://github.com/rust-lang/crates.io-index"
checksum = "e19e8d5c34a3e0e2223db8e060f9e8264aeeb5c5fc64a4ee9965c062211c024b"
dependencies = [
 "log 0.4.3",
]

[[package]]
name = "log"
version = "0.4.3"
source = "registry+https://github.com/rust-lang/crates.io-index"
checksum = "61bd98ae7f7b754bc53dca7d44b604f733c6bba044ea6f41bc8d89272d8161d2"
dependencies = [
 "cfg-if",
]

[[package]]
name = "matches"
version = "0.1.6"
source = "registry+https://github.com/rust-lang/crates.io-index"
checksum = "100aabe6b8ff4e4a7e32c1c13523379802df0772b82466207ac25b013f193376"

[[package]]
name = "memchr"
version = "0.1.11"
source = "registry+https://github.com/rust-lang/crates.io-index"
checksum = "d8b629fb514376c675b98c1421e80b151d3817ac42d7c667717d282761418d20"
dependencies = [
 "libc",
]

[[package]]
name = "memchr"
version = "2.0.1"
source = "registry+https://github.com/rust-lang/crates.io-index"
checksum = "796fba70e76612589ed2ce7f45282f5af869e0fdd7cc6199fa1aa1f1d591ba9d"
dependencies = [
 "libc",
]

[[package]]
name = "mime"
version = "0.2.6"
source = "registry+https://github.com/rust-lang/crates.io-index"
checksum = "ba626b8a6de5da682e1caa06bdb42a335aee5a84db8e5046a3e8ab17ba0a3ae0"
dependencies = [
 "log 0.3.9",
]

[[package]]
name = "mockito"
version = "0.12.0"
source = "registry+https://github.com/rust-lang/crates.io-index"
checksum = "b92f0012f86f99e9733772b8cb72cc64e78dbe9fc9989648244e7e3d78f92424"
dependencies = [
 "colored",
 "difference",
 "http-muncher",
 "lazy_static 0.2.11",
 "rand 0.3.22",
 "regex 0.2.11",
 "serde_json",
]

[[package]]
name = "modifier"
version = "0.1.0"
source = "registry+https://github.com/rust-lang/crates.io-index"
checksum = "41f5c9112cb662acd3b204077e0de5bc66305fa8df65c8019d5adb10e9ab6e58"

[[package]]
name = "mustache"
version = "0.8.2"
source = "registry+https://github.com/rust-lang/crates.io-index"
checksum = "ddb004e419334fc9172d0a5ff91c0770bdd6239091b0b343eb5926101f0a7d13"
dependencies = [
 "log 0.3.9",
 "rustc-serialize",
]

[[package]]
name = "mysqlclient-sys"
version = "0.2.3"
source = "registry+https://github.com/rust-lang/crates.io-index"
checksum = "879ce08e38739c54d87b7f8332a476004fe2a095f40a142a36f889779d9942b7"
dependencies = [
 "pkg-config",
 "vcpkg",
]

[[package]]
name = "native-tls"
version = "0.1.5"
source = "registry+https://github.com/rust-lang/crates.io-index"
checksum = "f74dbadc8b43df7864539cedb7bc91345e532fdd913cfdc23ad94f4d2d40fbc0"
dependencies = [
 "lazy_static 0.2.11",
 "libc",
 "openssl",
 "schannel",
 "security-framework",
 "security-framework-sys",
 "tempdir",
]

[[package]]
name = "nickel"
version = "0.10.1"
source = "registry+https://github.com/rust-lang/crates.io-index"
checksum = "22b40e35b9f46a076dcbd8193125cea0e4130b1c015f68655038010f3e826e04"
dependencies = [
 "groupable",
 "hyper",
 "lazy_static 1.0.1",
 "log 0.3.9",
 "modifier",
 "mustache",
 "plugin",
 "regex 0.2.11",
 "rustc-serialize",
 "time",
 "typemap",
 "url",
]

[[package]]
name = "nom"
version = "2.2.1"
source = "registry+https://github.com/rust-lang/crates.io-index"
checksum = "cf51a729ecf40266a2368ad335a5fdde43471f545a967109cd62146ecf8b66ff"

[[package]]
name = "num"
version = "0.1.42"
source = "registry+https://github.com/rust-lang/crates.io-index"
checksum = "4703ad64153382334aa8db57c637364c322d3372e097840c72000dabdcf6156e"
dependencies = [
 "num-integer",
 "num-iter",
 "num-traits",
]

[[package]]
name = "num-integer"
version = "0.1.39"
source = "registry+https://github.com/rust-lang/crates.io-index"
checksum = "e83d528d2677f0518c570baf2b7abdcf0cd2d248860b68507bdcb3e91d4c0cea"
dependencies = [
 "num-traits",
]

[[package]]
name = "num-iter"
version = "0.1.37"
source = "registry+https://github.com/rust-lang/crates.io-index"
checksum = "af3fdbbc3291a5464dc57b03860ec37ca6bf915ed6ee385e7c6c052c422b2124"
dependencies = [
 "num-integer",
 "num-traits",
]

[[package]]
name = "num-traits"
version = "0.2.5"
source = "registry+https://github.com/rust-lang/crates.io-index"
checksum = "630de1ef5cc79d0cdd78b7e33b81f083cbfe90de0f4b2b2f07f905867c70e9fe"

[[package]]
name = "num_cpus"
version = "1.8.0"
source = "registry+https://github.com/rust-lang/crates.io-index"
checksum = "c51a3322e4bca9d212ad9a158a02abc6934d005490c054a2778df73a70aa0a30"
dependencies = [
 "libc",
]

[[package]]
name = "openssl"
version = "0.9.24"
source = "registry+https://github.com/rust-lang/crates.io-index"
checksum = "a3605c298474a3aa69de92d21139fb5e2a81688d308262359d85cdd0d12a7985"
dependencies = [
 "bitflags 0.9.1",
 "foreign-types",
 "lazy_static 1.0.1",
 "libc",
 "openssl-sys",
]

[[package]]
name = "openssl-sys"
version = "0.9.33"
source = "registry+https://github.com/rust-lang/crates.io-index"
checksum = "d8abc04833dcedef24221a91852931df2f63e3369ae003134e70aff3645775cc"
dependencies = [
 "cc",
 "libc",
 "pkg-config",
 "vcpkg",
]

[[package]]
name = "percent-encoding"
version = "1.0.1"
source = "registry+https://github.com/rust-lang/crates.io-index"
checksum = "31010dd2e1ac33d5b46a5b413495239882813e0369f8ed8a5e266f173602f831"

[[package]]
name = "pkg-config"
version = "0.3.11"
source = "registry+https://github.com/rust-lang/crates.io-index"
checksum = "110d5ee3593dbb73f56294327fe5668bcc997897097cbc76b51e7aed3f52452f"

[[package]]
name = "plugin"
version = "0.2.6"
source = "registry+https://github.com/rust-lang/crates.io-index"
checksum = "1a6a0dc3910bc8db877ffed8e457763b317cf880df4ae19109b9f77d277cf6e0"
dependencies = [
 "typemap",
]

[[package]]
name = "proc-macro2"
version = "0.4.6"
source = "registry+https://github.com/rust-lang/crates.io-index"
checksum = "effdb53b25cdad54f8f48843d67398f7ef2e14f12c1b4cb4effc549a6462a4d6"
dependencies = [
 "unicode-xid 0.1.0",
]

[[package]]
name = "proc-macro2"
version = "1.0.39"
source = "registry+https://github.com/rust-lang/crates.io-index"
checksum = "c54b25569025b7fc9651de43004ae593a75ad88543b17178aa5e1b9c4f15f56f"
dependencies = [
 "unicode-ident",
]

[[package]]
name = "pulldown-cmark"
version = "0.1.2"
source = "registry+https://github.com/rust-lang/crates.io-index"
checksum = "d6fdf85cda6cadfae5428a54661d431330b312bc767ddbc57adbedc24da66e32"
dependencies = [
 "bitflags 0.9.1",
 "getopts",
]

[[package]]
name = "quine-mc_cluskey"
version = "0.2.4"
source = "registry+https://github.com/rust-lang/crates.io-index"
checksum = "07589615d719a60c8dd8a4622e7946465dfef20d1a428f969e3443e7386d5f45"

[[package]]
name = "quote"
version = "0.3.15"
source = "registry+https://github.com/rust-lang/crates.io-index"
checksum = "7a6e920b65c65f10b2ae65c831a81a073a89edd28c7cce89475bff467ab4167a"

[[package]]
name = "quote"
version = "0.6.3"
source = "registry+https://github.com/rust-lang/crates.io-index"
checksum = "e44651a0dc4cdd99f71c83b561e221f714912d11af1a4dff0631f923d53af035"
dependencies = [
 "proc-macro2 0.4.6",
]

[[package]]
name = "quote"
version = "1.0.18"
source = "registry+https://github.com/rust-lang/crates.io-index"
checksum = "a1feb54ed693b93a84e14094943b84b7c4eae204c512b7ccb95ab0c66d278ad1"
dependencies = [
 "proc-macro2 1.0.39",
]

[[package]]
name = "rand"
version = "0.3.22"
source = "registry+https://github.com/rust-lang/crates.io-index"
checksum = "15a732abf9d20f0ad8eeb6f909bf6868722d9a06e1e50802b6a70351f40b4eb1"
dependencies = [
 "fuchsia-zircon",
 "libc",
 "rand 0.4.2",
]

[[package]]
name = "rand"
version = "0.4.2"
source = "registry+https://github.com/rust-lang/crates.io-index"
checksum = "eba5f8cb59cc50ed56be8880a5c7b496bfd9bd26394e176bc67884094145c2c5"
dependencies = [
 "fuchsia-zircon",
 "libc",
 "winapi 0.3.5",
]

[[package]]
name = "redox_syscall"
version = "0.1.40"
source = "registry+https://github.com/rust-lang/crates.io-index"
checksum = "c214e91d3ecf43e9a4e41e578973adeb14b474f2bee858742d127af75a0112b1"

[[package]]
name = "regex"
version = "0.1.80"
source = "registry+https://github.com/rust-lang/crates.io-index"
checksum = "4fd4ace6a8cf7860714a2c2280d6c1f7e6a413486c13298bbc86fd3da019402f"
dependencies = [
 "aho-corasick 0.5.3",
 "memchr 0.1.11",
 "regex-syntax 0.3.9",
 "thread_local 0.2.7",
 "utf8-ranges 0.1.3",
]

[[package]]
name = "regex"
version = "0.2.11"
source = "registry+https://github.com/rust-lang/crates.io-index"
checksum = "9329abc99e39129fcceabd24cf5d85b4671ef7c29c50e972bc5afe32438ec384"
dependencies = [
 "aho-corasick 0.6.5",
 "memchr 2.0.1",
 "regex-syntax 0.5.6",
 "thread_local 0.3.5",
 "utf8-ranges 1.0.0",
]

[[package]]
name = "regex"
version = "1.0.1"
source = "registry+https://github.com/rust-lang/crates.io-index"
checksum = "13c93d55961981ba9226a213b385216f83ab43bd6ac53ab16b2eeb47e337cf4e"
dependencies = [
 "aho-corasick 0.6.5",
 "memchr 2.0.1",
 "regex-syntax 0.6.1",
 "thread_local 0.3.5",
 "utf8-ranges 1.0.0",
]

[[package]]
name = "regex-syntax"
version = "0.3.9"
source = "registry+https://github.com/rust-lang/crates.io-index"
checksum = "f9ec002c35e86791825ed294b50008eea9ddfc8def4420124fbc6b08db834957"

[[package]]
name = "regex-syntax"
version = "0.5.6"
source = "registry+https://github.com/rust-lang/crates.io-index"
checksum = "7d707a4fa2637f2dca2ef9fd02225ec7661fe01a53623c1e6515b6916511f7a7"
dependencies = [
 "ucd-util",
]

[[package]]
name = "regex-syntax"
version = "0.6.1"
source = "registry+https://github.com/rust-lang/crates.io-index"
checksum = "05b06a75f5217880fc5e905952a42750bf44787e56a6c6d6852ed0992f5e1d54"
dependencies = [
 "ucd-util",
]

[[package]]
name = "remove_dir_all"
version = "0.5.1"
source = "registry+https://github.com/rust-lang/crates.io-index"
checksum = "3488ba1b9a2084d38645c4c08276a1752dcbf2c7130d74f1569681ad5d2799c5"
dependencies = [
 "winapi 0.3.5",
]

[[package]]
name = "rustc-demangle"
version = "0.1.8"
source = "registry+https://github.com/rust-lang/crates.io-index"
checksum = "76d7ba1feafada44f2d38eed812bd2489a03c0f5abb975799251518b68848649"

[[package]]
name = "rustc-serialize"
version = "0.3.24"
source = "registry+https://github.com/rust-lang/crates.io-index"
checksum = "dcf128d1287d2ea9d80910b5f1120d0b8eede3fbf1abe91c40d39ea7d51e6fda"

[[package]]
name = "rustc_version"
version = "0.2.2"
source = "registry+https://github.com/rust-lang/crates.io-index"
checksum = "a54aa04a10c68c1c4eacb4337fd883b435997ede17a9385784b990777686b09a"
dependencies = [
 "semver",
]

[[package]]
name = "safemem"
version = "0.2.0"
source = "registry+https://github.com/rust-lang/crates.io-index"
checksum = "e27a8b19b835f7aea908818e871f5cc3a5a186550c30773be987e155e8163d8f"

[[package]]
name = "schannel"
version = "0.1.13"
source = "registry+https://github.com/rust-lang/crates.io-index"
checksum = "dc1fabf2a7b6483a141426e1afd09ad543520a77ac49bd03c286e7696ccfd77f"
dependencies = [
 "lazy_static 1.0.1",
 "winapi 0.3.5",
]

[[package]]
name = "schedule"
version = "0.1.0"
source = "registry+https://github.com/rust-lang/crates.io-index"
checksum = "b5df30d8c98bfeaa4f5d31ecab6da7b7e430ebe08af1c002e28f230420c49c2b"
dependencies = [
 "chrono 0.2.25",
 "nom",
]

[[package]]
name = "security-framework"
version = "0.1.16"
source = "registry+https://github.com/rust-lang/crates.io-index"
checksum = "dfa44ee9c54ce5eecc9de7d5acbad112ee58755239381f687e564004ba4a2332"
dependencies = [
 "core-foundation",
 "core-foundation-sys",
 "libc",
 "security-framework-sys",
]

[[package]]
name = "security-framework-sys"
version = "0.1.16"
source = "registry+https://github.com/rust-lang/crates.io-index"
checksum = "5421621e836278a0b139268f36eee0dc7e389b784dc3f79d8f11aabadf41bead"
dependencies = [
 "core-foundation-sys",
 "libc",
]

[[package]]
name = "semver"
version = "0.9.0"
source = "registry+https://github.com/rust-lang/crates.io-index"
checksum = "1d7eb9ef2c18661902cc47e535f9bc51b78acd254da71d375c2f6720d9a40403"
dependencies = [
 "semver-parser",
 "serde",
]

[[package]]
name = "semver-parser"
version = "0.7.0"
source = "registry+https://github.com/rust-lang/crates.io-index"
checksum = "388a1df253eca08550bef6c72392cfe7c30914bf41df5269b68cbd6ff8f570a3"

[[package]]
name = "serde"
version = "1.0.70"
source = "registry+https://github.com/rust-lang/crates.io-index"
checksum = "0c3adf19c07af6d186d91dae8927b83b0553d07ca56cbf7f2f32560455c91920"

[[package]]
name = "serde_derive"
version = "1.0.70"
source = "registry+https://github.com/rust-lang/crates.io-index"
checksum = "3525a779832b08693031b8ecfb0de81cd71cfd3812088fafe9a7496789572124"
dependencies = [
 "proc-macro2 0.4.6",
 "quote 0.6.3",
 "syn 0.14.4",
]

[[package]]
name = "serde_json"
version = "1.0.22"
source = "registry+https://github.com/rust-lang/crates.io-index"
checksum = "84b8035cabe9b35878adec8ac5fe03d5f6bc97ff6edd7ccb96b44c1276ba390e"
dependencies = [
 "dtoa",
 "itoa",
 "serde",
]

[[package]]
name = "syn"
version = "0.11.11"
source = "registry+https://github.com/rust-lang/crates.io-index"
checksum = "d3b891b9015c88c576343b9b3e41c2c11a51c219ef067b264bd9c8aa9b441dad"
dependencies = [
 "quote 0.3.15",
 "synom",
 "unicode-xid 0.0.4",
]

[[package]]
name = "syn"
version = "0.14.4"
source = "registry+https://github.com/rust-lang/crates.io-index"
checksum = "2beff8ebc3658f07512a413866875adddd20f4fd47b2a4e6c9da65cd281baaea"
dependencies = [
 "proc-macro2 0.4.6",
 "quote 0.6.3",
 "unicode-xid 0.1.0",
]

[[package]]
name = "syn"
version = "1.0.96"
source = "registry+https://github.com/rust-lang/crates.io-index"
checksum = "0748dd251e24453cb8717f0354206b91557e4ec8703673a4b30208f2abaf1ebf"
dependencies = [
 "proc-macro2 1.0.39",
 "quote 1.0.18",
 "unicode-ident",
]

[[package]]
name = "synom"
version = "0.11.3"
source = "registry+https://github.com/rust-lang/crates.io-index"
checksum = "a393066ed9010ebaed60b9eafa373d4b1baac186dd7e008555b0f702b51945b6"
dependencies = [
 "unicode-xid 0.0.4",
]

[[package]]
name = "tempdir"
version = "0.3.7"
source = "registry+https://github.com/rust-lang/crates.io-index"
checksum = "15f2b5fb00ccdf689e0149d1b1b3c03fead81c2b37735d812fa8bddbbf41b6d8"
dependencies = [
 "rand 0.4.2",
 "remove_dir_all",
]

[[package]]
name = "thread-id"
version = "2.0.0"
source = "registry+https://github.com/rust-lang/crates.io-index"
checksum = "a9539db560102d1cef46b8b78ce737ff0bb64e7e18d35b2a5688f7d097d0ff03"
dependencies = [
 "kernel32-sys",
 "libc",
]

[[package]]
name = "thread_local"
version = "0.2.7"
source = "registry+https://github.com/rust-lang/crates.io-index"
checksum = "8576dbbfcaef9641452d5cf0df9b0e7eeab7694956dd33bb61515fb8f18cfdd5"
dependencies = [
 "thread-id",
]

[[package]]
name = "thread_local"
version = "0.3.5"
source = "registry+https://github.com/rust-lang/crates.io-index"
checksum = "279ef31c19ededf577bfd12dfae728040a21f635b06a24cd670ff510edd38963"
dependencies = [
 "lazy_static 1.0.1",
 "unreachable",
]

[[package]]
name = "time"
version = "0.1.40"
source = "registry+https://github.com/rust-lang/crates.io-index"
checksum = "d825be0eb33fda1a7e68012d51e9c7f451dc1a69391e7fdc197060bb8c56667b"
dependencies = [
 "libc",
 "redox_syscall",
 "winapi 0.3.5",
]

[[package]]
name = "toml"
version = "0.4.6"
source = "registry+https://github.com/rust-lang/crates.io-index"
checksum = "a0263c6c02c4db6c8f7681f9fd35e90de799ebd4cfdeab77a38f4ff6b3d8c0d9"
dependencies = [
 "serde",
]

[[package]]
name = "traitobject"
version = "0.1.0"
source = "registry+https://github.com/rust-lang/crates.io-index"
checksum = "efd1f82c56340fdf16f2a953d7bda4f8fdffba13d93b00844c25572110b26079"

[[package]]
name = "typeable"
version = "0.1.2"
source = "registry+https://github.com/rust-lang/crates.io-index"
checksum = "1410f6f91f21d1612654e7cc69193b0334f909dcf2c790c4826254fbb86f8887"

[[package]]
name = "typemap"
version = "0.3.3"
source = "registry+https://github.com/rust-lang/crates.io-index"
checksum = "653be63c80a3296da5551e1bfd2cca35227e13cdd08c6668903ae2f4f77aa1f6"
dependencies = [
 "unsafe-any",
]

[[package]]
name = "ucd-util"
version = "0.1.1"
source = "registry+https://github.com/rust-lang/crates.io-index"
checksum = "fd2be2d6639d0f8fe6cdda291ad456e23629558d466e2789d2c3e9892bda285d"

[[package]]
name = "unicase"
version = "1.4.2"
source = "registry+https://github.com/rust-lang/crates.io-index"
checksum = "7f4765f83163b74f957c797ad9253caf97f103fb064d3999aea9568d09fc8a33"
dependencies = [
 "version_check",
]

[[package]]
name = "unicode-bidi"
version = "0.3.4"
source = "registry+https://github.com/rust-lang/crates.io-index"
checksum = "49f2bd0c6468a8230e1db229cff8029217cf623c767ea5d60bfbd42729ea54d5"
dependencies = [
 "matches",
]

[[package]]
name = "unicode-ident"
version = "1.0.1"
source = "registry+https://github.com/rust-lang/crates.io-index"
checksum = "5bd2fe26506023ed7b5e1e315add59d6f584c621d037f9368fea9cfb988f368c"

[[package]]
name = "unicode-normalization"
version = "0.1.7"
source = "registry+https://github.com/rust-lang/crates.io-index"
checksum = "6a0180bc61fc5a987082bfa111f4cc95c4caff7f9799f3e46df09163a937aa25"

[[package]]
name = "unicode-width"
version = "0.1.5"
source = "registry+https://github.com/rust-lang/crates.io-index"
checksum = "882386231c45df4700b275c7ff55b6f3698780a650026380e72dabe76fa46526"

[[package]]
name = "unicode-xid"
version = "0.0.4"
source = "registry+https://github.com/rust-lang/crates.io-index"
checksum = "8c1f860d7d29cf02cb2f3f359fd35991af3d30bac52c57d265a3c461074cb4dc"

[[package]]
name = "unicode-xid"
version = "0.1.0"
source = "registry+https://github.com/rust-lang/crates.io-index"
checksum = "fc72304796d0818e357ead4e000d19c9c174ab23dc11093ac919054d20a6a7fc"

[[package]]
name = "unreachable"
version = "1.0.0"
source = "registry+https://github.com/rust-lang/crates.io-index"
checksum = "382810877fe448991dfc7f0dd6e3ae5d58088fd0ea5e35189655f84e6814fa56"
dependencies = [
 "void",
]

[[package]]
name = "unsafe-any"
version = "0.4.2"
source = "registry+https://github.com/rust-lang/crates.io-index"
checksum = "f30360d7979f5e9c6e6cea48af192ea8fab4afb3cf72597154b8f08935bc9c7f"
dependencies = [
 "traitobject",
]

[[package]]
name = "url"
version = "1.7.1"
source = "registry+https://github.com/rust-lang/crates.io-index"
checksum = "2a321979c09843d272956e73700d12c4e7d3d92b2ee112b31548aef0d4efc5a6"
dependencies = [
 "idna",
 "matches",
 "percent-encoding",
]

[[package]]
name = "utf8-ranges"
version = "0.1.3"
source = "registry+https://github.com/rust-lang/crates.io-index"
checksum = "a1ca13c08c41c9c3e04224ed9ff80461d97e121589ff27c753a16cb10830ae0f"

[[package]]
name = "utf8-ranges"
version = "1.0.0"
source = "registry+https://github.com/rust-lang/crates.io-index"
checksum = "662fab6525a98beff2921d7f61a39e7d59e0b425ebc7d0d9e66d316e55124122"

[[package]]
name = "vcpkg"
version = "0.2.4"
source = "registry+https://github.com/rust-lang/crates.io-index"
checksum = "cbe533e138811704c0e3cbde65a818b35d3240409b4346256c5ede403e082474"

[[package]]
name = "version_check"
version = "0.1.4"
source = "registry+https://github.com/rust-lang/crates.io-index"
checksum = "7716c242968ee87e5542f8021178248f267f295a5c4803beae8b8b7fd9bc6051"

[[package]]
name = "void"
version = "1.0.2"
source = "registry+https://github.com/rust-lang/crates.io-index"
checksum = "6a02e4885ed3bc0f2de90ea6dd45ebcbb66dacffe03547fadbb0eeae2770887d"

[[package]]
name = "winapi"
version = "0.2.8"
source = "registry+https://github.com/rust-lang/crates.io-index"
checksum = "167dc9d6949a9b857f3451275e911c3f44255842c1f7a76f33c55103a909087a"

[[package]]
name = "winapi"
version = "0.3.5"
source = "registry+https://github.com/rust-lang/crates.io-index"
checksum = "773ef9dcc5f24b7d850d0ff101e542ff24c3b090a9768e03ff889fdef41f00fd"
dependencies = [
 "winapi-i686-pc-windows-gnu",
 "winapi-x86_64-pc-windows-gnu",
]

[[package]]
name = "winapi-build"
version = "0.1.1"
source = "registry+https://github.com/rust-lang/crates.io-index"
checksum = "2d315eee3b34aca4797b2da6b13ed88266e6d612562a0c46390af8299fc699bc"

[[package]]
name = "winapi-i686-pc-windows-gnu"
version = "0.4.0"
source = "registry+https://github.com/rust-lang/crates.io-index"
checksum = "ac3b87c63620426dd9b991e5ce0329eff545bccbbb34f3be09ff6fb6ab51b7b6"

[[package]]
name = "winapi-x86_64-pc-windows-gnu"
version = "0.4.0"
source = "registry+https://github.com/rust-lang/crates.io-index"
checksum = "712e227841d057c1ee1cd2fb22fa7e5a5461ae8e48fa2ca79ec42cfc1931183f"

[[package]]
name = "xml-rs"
version = "0.4.1"
source = "registry+https://github.com/rust-lang/crates.io-index"
checksum = "b46ee689ba7a669c08a1170c2348d2516c62dc461135c9e86b2f1f476e07be4a"
dependencies = [
 "bitflags 0.7.0",
]
